
Microsoft Visual Studio Solution File, Format Version 12.00
# Visual Studio 2012
Project("{8BC9CEB8-8B4A-11D0-8D11-00A0C91BC942}") = "ya2drpg", "ya2drpg\ya2drpg.vcxproj", "{B5FD533F-2249-427F-AE44-394214724C07}"
EndProject
Project("{8BC9CEB8-8B4A-11D0-8D11-00A0C91BC942}") = "_engine", "_engine\_engine.vcxproj", "{A59BE208-3256-4791-AC37-0566E29B14AB}"
EndProject
Global
	GlobalSection(SolutionConfigurationPlatforms) = preSolution
		Debug|Win32 = Debug|Win32
		Release|Win32 = Release|Win32
	EndGlobalSection
	GlobalSection(ProjectConfigurationPlatforms) = postSolution
		{B5FD533F-2249-427F-AE44-394214724C07}.Debug|Win32.ActiveCfg = Debug|Win32
		{B5FD533F-2249-427F-AE44-394214724C07}.Debug|Win32.Build.0 = Debug|Win32
		{B5FD533F-2249-427F-AE44-394214724C07}.Release|Win32.ActiveCfg = Release|Win32
		{B5FD533F-2249-427F-AE44-394214724C07}.Release|Win32.Build.0 = Release|Win32
		{A59BE208-3256-4791-AC37-0566E29B14AB}.Debug|Win32.ActiveCfg = Debug|Win32
		{A59BE208-3256-4791-AC37-0566E29B14AB}.Debug|Win32.Build.0 = Debug|Win32
		{A59BE208-3256-4791-AC37-0566E29B14AB}.Release|Win32.ActiveCfg = Release|Win32
		{A59BE208-3256-4791-AC37-0566E29B14AB}.Release|Win32.Build.0 = Release|Win32
	EndGlobalSection
	GlobalSection(SolutionProperties) = preSolution
		HideSolutionNode = FALSE
	EndGlobalSection
EndGlobal
