<?xml version="1.0" encoding="utf-8"?>
<Project ToolsVersion="4.0" xmlns="http://schemas.microsoft.com/developer/msbuild/2003">
  <ItemGroup>
    <Filter Include="Quelldateien">
      <UniqueIdentifier>{4FC737F1-C7A5-4376-A066-2A32D752A2FF}</UniqueIdentifier>
      <Extensions>cpp;c;cc;cxx;def;odl;idl;hpj;bat;asm;asmx</Extensions>
    </Filter>
    <Filter Include="Headerdateien">
      <UniqueIdentifier>{93995380-89BD-4b04-88EB-625FBE52EBFB}</UniqueIdentifier>
      <Extensions>h;hpp;hxx;hm;inl;inc;xsd</Extensions>
    </Filter>
    <Filter Include="Ressourcendateien">
      <UniqueIdentifier>{67DA6AB6-F800-4c08-8B7A-83BB121AAD01}</UniqueIdentifier>
      <Extensions>rc;ico;cur;bmp;dlg;rc2;rct;bin;rgs;gif;jpg;jpeg;jpe;resx;tiff;tif;png;wav;mfcribbon-ms</Extensions>
    </Filter>
    <Filter Include="Headerdateien\engine">
      <UniqueIdentifier>{751759f7-c155-4ab2-ac21-7ade0f76d862}</UniqueIdentifier>
    </Filter>
    <Filter Include="Quelldateien\engine">
      <UniqueIdentifier>{f3d0b7a6-cabd-48e0-804c-217eb3ff2d98}</UniqueIdentifier>
    </Filter>
    <Filter Include="Headerdateien\world">
      <UniqueIdentifier>{885d188f-e503-4900-9cbf-f56f55177da2}</UniqueIdentifier>
    </Filter>
    <Filter Include="Quelldateien\world">
      <UniqueIdentifier>{e3af7a34-46e2-4e9f-9ae1-ed89d8937a11}</UniqueIdentifier>
    </Filter>
    <Filter Include="Headerdateien\vendor">
      <UniqueIdentifier>{13eacbd1-13f1-45bd-ae8d-07c11d159406}</UniqueIdentifier>
    </Filter>
    <Filter Include="Quelldateien\vendor">
      <UniqueIdentifier>{51325d2d-6c56-4b53-9ad6-2a690042a10b}</UniqueIdentifier>
    </Filter>
  </ItemGroup>
  <ItemGroup>
    <ClInclude Include="source\engine\GameLoop.h">
      <Filter>Headerdateien\engine</Filter>
    </ClInclude>
    <ClInclude Include="source\engine\GameObjectManager.h">
      <Filter>Headerdateien\engine</Filter>
    </ClInclude>
    <ClInclude Include="source\world\Chunk.h">
      <Filter>Headerdateien\world</Filter>
    </ClInclude>
    <ClInclude Include="source\world\World.h">
      <Filter>Headerdateien\world</Filter>
    </ClInclude>
    <ClInclude Include="source\vendor\Jzon.h">
      <Filter>Headerdateien\vendor</Filter>
    </ClInclude>
    <ClInclude Include="source\engine\MapLoader.h">
      <Filter>Headerdateien\engine</Filter>
    </ClInclude>
    <ClInclude Include="resource.h">
      <Filter>Headerdateien</Filter>
    </ClInclude>
  </ItemGroup>
  <ItemGroup>
    <ClCompile Include="source\engine\GameObjectManager.cpp">
      <Filter>Quelldateien\engine</Filter>
    </ClCompile>
    <ClCompile Include="source\world\Chunk.cpp">
      <Filter>Quelldateien\world</Filter>
    </ClCompile>
    <ClCompile Include="source\world\World.cpp">
      <Filter>Quelldateien\world</Filter>
    </ClCompile>
    <ClCompile Include="source\main.cpp">
      <Filter>Quelldateien</Filter>
    </ClCompile>
    <ClCompile Include="source\engine\GameLoop.cpp">
      <Filter>Quelldateien\engine</Filter>
    </ClCompile>
    <ClCompile Include="source\vendor\Jzon.cpp">
      <Filter>Quelldateien\vendor</Filter>
    </ClCompile>
    <ClCompile Include="source\engine\MapLoader.cpp">
      <Filter>Quelldateien\engine</Filter>
    </ClCompile>
  </ItemGroup>
  <ItemGroup>
    <ResourceCompile Include="ya2drpg.rc">
      <Filter>Ressourcendateien</Filter>
    </ResourceCompile>
  </ItemGroup>
</Project>