<?xml version="1.0" encoding="utf-8"?>
<Project ToolsVersion="4.0" xmlns="http://schemas.microsoft.com/developer/msbuild/2003">
  <ItemGroup>
    <Filter Include="Quelldateien">
      <UniqueIdentifier>{4FC737F1-C7A5-4376-A066-2A32D752A2FF}</UniqueIdentifier>
      <Extensions>cpp;c;cc;cxx;def;odl;idl;hpj;bat;asm;asmx</Extensions>
    </Filter>
    <Filter Include="Headerdateien">
      <UniqueIdentifier>{93995380-89BD-4b04-88EB-625FBE52EBFB}</UniqueIdentifier>
      <Extensions>h;hpp;hxx;hm;inl;inc;xsd</Extensions>
    </Filter>
    <Filter Include="Ressourcendateien">
      <UniqueIdentifier>{67DA6AB6-F800-4c08-8B7A-83BB121AAD01}</UniqueIdentifier>
      <Extensions>rc;ico;cur;bmp;dlg;rc2;rct;bin;rgs;gif;jpg;jpeg;jpe;resx;tiff;tif;png;wav;mfcribbon-ms</Extensions>
    </Filter>
    <Filter Include="Headerdateien\engine">
      <UniqueIdentifier>{751759f7-c155-4ab2-ac21-7ade0f76d862}</UniqueIdentifier>
    </Filter>
    <Filter Include="Quelldateien\engine">
      <UniqueIdentifier>{f3d0b7a6-cabd-48e0-804c-217eb3ff2d98}</UniqueIdentifier>
    </Filter>
    <Filter Include="Headerdateien\engine\components">
      <UniqueIdentifier>{5088c92f-58c8-4b78-a752-d7e3f6ff7735}</UniqueIdentifier>
    </Filter>
    <Filter Include="Quelldateien\engine\component">
      <UniqueIdentifier>{9ca58b49-d11c-4418-a9c8-f49583161dd1}</UniqueIdentifier>
    </Filter>
    <Filter Include="Headerdateien\world">
      <UniqueIdentifier>{885d188f-e503-4900-9cbf-f56f55177da2}</UniqueIdentifier>
    </Filter>
    <Filter Include="Quelldateien\world">
      <UniqueIdentifier>{e3af7a34-46e2-4e9f-9ae1-ed89d8937a11}</UniqueIdentifier>
    </Filter>
  </ItemGroup>
  <ItemGroup>
    <ClInclude Include="source\engine\GameLoop.h">
      <Filter>Headerdateien\engine</Filter>
    </ClInclude>
    <ClInclude Include="source\engine\InputComponent.h">
      <Filter>Headerdateien\engine\components</Filter>
    </ClInclude>
    <ClInclude Include="source\engine\GameObjectManager.h">
      <Filter>Headerdateien\engine</Filter>
    </ClInclude>
    <ClInclude Include="source\Derivata.h">
      <Filter>Headerdateien</Filter>
    </ClInclude>
    <ClInclude Include="source\engine\Component.h">
      <Filter>Headerdateien\engine\components</Filter>
    </ClInclude>
    <ClInclude Include="source\world\Chunk.h">
      <Filter>Headerdateien\world</Filter>
    </ClInclude>
    <ClInclude Include="source\world\World.h">
      <Filter>Headerdateien\world</Filter>
    </ClInclude>
    <ClInclude Include="source\engine\TextureComponent.h">
      <Filter>Headerdateien\engine\components</Filter>
    </ClInclude>
    <ClInclude Include="source\engine\TransformComponent.h">
      <Filter>Headerdateien\engine\components</Filter>
    </ClInclude>
    <ClInclude Include="source\engine\AnimationComponent.h">
      <Filter>Headerdateien\engine\components</Filter>
    </ClInclude>
    <ClInclude Include="source\engine\GameObject.h">
      <Filter>Headerdateien\engine</Filter>
    </ClInclude>
  </ItemGroup>
  <ItemGroup>
    <ClCompile Include="source\engine\GameLoop.cpp">
      <Filter>Quelldateien\engine</Filter>
    </ClCompile>
    <ClCompile Include="source\engine\GameObjectManager.cpp">
      <Filter>Quelldateien\engine</Filter>
    </ClCompile>
    <ClCompile Include="source\world\Chunk.cpp">
      <Filter>Quelldateien\world</Filter>
    </ClCompile>
    <ClCompile Include="source\world\World.cpp">
      <Filter>Quelldateien\world</Filter>
    </ClCompile>
    <ClCompile Include="source\engine\TextureComponent.cpp">
      <Filter>Quelldateien\engine\component</Filter>
    </ClCompile>
    <ClCompile Include="source\engine\TransformComponent.cpp">
      <Filter>Quelldateien\engine\component</Filter>
    </ClCompile>
    <ClCompile Include="source\engine\AnimationComponent.cpp">
      <Filter>Quelldateien\engine\component</Filter>
    </ClCompile>
    <ClCompile Include="source\engine\GameObject.cpp">
      <Filter>Quelldateien\engine</Filter>
    </ClCompile>
    <ClCompile Include="source\main.cpp">
      <Filter>Quelldateien</Filter>
    </ClCompile>
    <ClCompile Include="source\engine\InputComponent.cpp">
      <Filter>Quelldateien\engine\component</Filter>
    </ClCompile>
  </ItemGroup>
  <ItemGroup>
    <None Include="ClassDiagram.cd" />
  </ItemGroup>
</Project>